// !$*UTF8*$!
{
	archiveVersion = 1;
	classes = {
	};
	objectVersion = 51;
	objects = {

/* Begin PBXBuildFile section */
		89219B1CEEB8ADD52EE79D89 /* Pods_Mvvvm_demo.framework in Frameworks */ = {isa = PBXBuildFile; fileRef = 36003942AB0E4E262FB72575 /* Pods_Mvvvm_demo.framework */; };
		CE1DF1F6251853A000BB7393 /* UserManager.swift in Sources */ = {isa = PBXBuildFile; fileRef = CE1DF1F5251853A000BB7393 /* UserManager.swift */; };
		CE1F2E2D2503EF660029F7AC /* AppDelegate.swift in Sources */ = {isa = PBXBuildFile; fileRef = CE1F2E2C2503EF660029F7AC /* AppDelegate.swift */; };
		CE1F2E2F2503EF660029F7AC /* SceneDelegate.swift in Sources */ = {isa = PBXBuildFile; fileRef = CE1F2E2E2503EF660029F7AC /* SceneDelegate.swift */; };
		CE1F2E362503EF680029F7AC /* Assets.xcassets in Resources */ = {isa = PBXBuildFile; fileRef = CE1F2E352503EF680029F7AC /* Assets.xcassets */; };
		CE1F2E392503EF680029F7AC /* LaunchScreen.storyboard in Resources */ = {isa = PBXBuildFile; fileRef = CE1F2E372503EF680029F7AC /* LaunchScreen.storyboard */; };
		CE4ACDB42504B8E600FA9356 /* Localizable.strings in Resources */ = {isa = PBXBuildFile; fileRef = CE4ACDB32504B8E600FA9356 /* Localizable.strings */; };
		CE4ACDB62504B8FB00FA9356 /* Localized.swift in Sources */ = {isa = PBXBuildFile; fileRef = CE4ACDB52504B8FB00FA9356 /* Localized.swift */; };
		CE4ACDB82504B90700FA9356 /* Fonts.swift in Sources */ = {isa = PBXBuildFile; fileRef = CE4ACDB72504B90700FA9356 /* Fonts.swift */; };
		CE4ACDBB2504BAD300FA9356 /* SFProText-Bold.ttf in Resources */ = {isa = PBXBuildFile; fileRef = CE4ACDB92504BAD300FA9356 /* SFProText-Bold.ttf */; };
		CE4ACDBC2504BAD300FA9356 /* SFProText-Medium.ttf in Resources */ = {isa = PBXBuildFile; fileRef = CE4ACDBA2504BAD300FA9356 /* SFProText-Medium.ttf */; };
		CE4ACDBF2504BB4A00FA9356 /* Colors.xcassets in Resources */ = {isa = PBXBuildFile; fileRef = CE4ACDBE2504BB4A00FA9356 /* Colors.xcassets */; };
		CE4ACDCC2504C6A100FA9356 /* Enviroment.swift in Sources */ = {isa = PBXBuildFile; fileRef = CE4ACDCB2504C6A100FA9356 /* Enviroment.swift */; };
		CE59CD70250DEB8E00787677 /* MovieListsResponse.swift in Sources */ = {isa = PBXBuildFile; fileRef = CE59CD6F250DEB8E00787677 /* MovieListsResponse.swift */; };
		CE59CD73250DEF6C00787677 /* MovieDetails.swift in Sources */ = {isa = PBXBuildFile; fileRef = CE59CD72250DEF6C00787677 /* MovieDetails.swift */; };
		CE59CD75250DEF7600787677 /* Genres.swift in Sources */ = {isa = PBXBuildFile; fileRef = CE59CD74250DEF7600787677 /* Genres.swift */; };
		CE59CD78250DF04C00787677 /* MovieDetailsService.swift in Sources */ = {isa = PBXBuildFile; fileRef = CE59CD77250DF04C00787677 /* MovieDetailsService.swift */; };
		CE59CD7A250DF07200787677 /* MovieDetailsService + NetworkManager.swift in Sources */ = {isa = PBXBuildFile; fileRef = CE59CD79250DF07200787677 /* MovieDetailsService + NetworkManager.swift */; };
		CE72A4BD250E31FC00A6A82C /* MovieCell.swift in Sources */ = {isa = PBXBuildFile; fileRef = CE72A4BB250E31FC00A6A82C /* MovieCell.swift */; };
		CE72A4BE250E31FC00A6A82C /* MovieCell.xib in Resources */ = {isa = PBXBuildFile; fileRef = CE72A4BC250E31FC00A6A82C /* MovieCell.xib */; };
		CE72A4C0250E366200A6A82C /* UIImageView+Extension.swift in Sources */ = {isa = PBXBuildFile; fileRef = CE72A4BF250E366200A6A82C /* UIImageView+Extension.swift */; };
		CE72A4C2250E37A800A6A82C /* NSObject + Extensions.swift in Sources */ = {isa = PBXBuildFile; fileRef = CE72A4C1250E37A800A6A82C /* NSObject + Extensions.swift */; };
		CE84B249250F534D009E1707 /* SplashViewController.swift in Sources */ = {isa = PBXBuildFile; fileRef = CE84B247250F534D009E1707 /* SplashViewController.swift */; };
		CE84B24A250F534D009E1707 /* SplashViewController.xib in Resources */ = {isa = PBXBuildFile; fileRef = CE84B248250F534D009E1707 /* SplashViewController.xib */; };
		CE90CF2925108EBD00625855 /* HomeWebService.swift in Sources */ = {isa = PBXBuildFile; fileRef = CE90CF2825108EBD00625855 /* HomeWebService.swift */; };
		CE93D1C2250446F70098327B /* Assets.swift in Sources */ = {isa = PBXBuildFile; fileRef = CE93D1C1250446F70098327B /* Assets.swift */; };
		CE9BD59625070F03005B9619 /* MovieModel.swift in Sources */ = {isa = PBXBuildFile; fileRef = CE9BD59525070F03005B9619 /* MovieModel.swift */; };
		CE9BD59A250713C0005B9619 /* NetworkError.swift in Sources */ = {isa = PBXBuildFile; fileRef = CE9BD599250713C0005B9619 /* NetworkError.swift */; };
		CE9BD59C2507156A005B9619 /* NetworkManager.swift in Sources */ = {isa = PBXBuildFile; fileRef = CE9BD59B2507156A005B9619 /* NetworkManager.swift */; };
		CE9BD59E25071595005B9619 /* NetworkResponse.swift in Sources */ = {isa = PBXBuildFile; fileRef = CE9BD59D25071595005B9619 /* NetworkResponse.swift */; };
		CE9BD5A025071642005B9619 /* NetworkDefaults.swift in Sources */ = {isa = PBXBuildFile; fileRef = CE9BD59F25071642005B9619 /* NetworkDefaults.swift */; };
		CE9BD5A225071667005B9619 /* MoviesDBSessionManager.swift in Sources */ = {isa = PBXBuildFile; fileRef = CE9BD5A125071667005B9619 /* MoviesDBSessionManager.swift */; };
		CE9BD5A525071775005B9619 /* HomeViewController.swift in Sources */ = {isa = PBXBuildFile; fileRef = CE9BD5A325071775005B9619 /* HomeViewController.swift */; };
		CE9BD5A625071775005B9619 /* HomeViewController.xib in Resources */ = {isa = PBXBuildFile; fileRef = CE9BD5A425071775005B9619 /* HomeViewController.xib */; };
		CE9BD5AB2507196F005B9619 /* PopularMovies.swift in Sources */ = {isa = PBXBuildFile; fileRef = CE9BD5AA2507196F005B9619 /* PopularMovies.swift */; };
		CE9BD5AD25071A64005B9619 /* PopularMovies+NetworkManager.swift in Sources */ = {isa = PBXBuildFile; fileRef = CE9BD5AC25071A64005B9619 /* PopularMovies+NetworkManager.swift */; };
		CE9BD5AF25071B12005B9619 /* NetworkManager+ParseResponse.swift in Sources */ = {isa = PBXBuildFile; fileRef = CE9BD5AE25071B12005B9619 /* NetworkManager+ParseResponse.swift */; };
		CE9BD5B1250721EA005B9619 /* AppDelegate+Extension.swift in Sources */ = {isa = PBXBuildFile; fileRef = CE9BD5B0250721EA005B9619 /* AppDelegate+Extension.swift */; };
		CE9BD5B325072315005B9619 /* Container.swift in Sources */ = {isa = PBXBuildFile; fileRef = CE9BD5B225072315005B9619 /* Container.swift */; };
		CE9BD5B52507241C005B9619 /* AppManager.swift in Sources */ = {isa = PBXBuildFile; fileRef = CE9BD5B42507241C005B9619 /* AppManager.swift */; };
		CE9BD5B725072674005B9619 /* UIView+Extension.swift in Sources */ = {isa = PBXBuildFile; fileRef = CE9BD5B625072674005B9619 /* UIView+Extension.swift */; };
		CE9BD5BA250726C2005B9619 /* AppNavigationController.swift in Sources */ = {isa = PBXBuildFile; fileRef = CE9BD5B9250726C2005B9619 /* AppNavigationController.swift */; };
		CE9BD5BD25072723005B9619 /* LoaderProtocol.swift in Sources */ = {isa = PBXBuildFile; fileRef = CE9BD5BC25072723005B9619 /* LoaderProtocol.swift */; };
		CE9BD5BF2507272F005B9619 /* Loader.swift in Sources */ = {isa = PBXBuildFile; fileRef = CE9BD5BE2507272F005B9619 /* Loader.swift */; };
		CE9BD5C1250727E8005B9619 /* BaseViewController.swift in Sources */ = {isa = PBXBuildFile; fileRef = CE9BD5C0250727E8005B9619 /* BaseViewController.swift */; };
		CE9BD5C325072889005B9619 /* UIColor+Extension.swift in Sources */ = {isa = PBXBuildFile; fileRef = CE9BD5C225072889005B9619 /* UIColor+Extension.swift */; };
		CEA891872508D0270000D32E /* Binding.swift in Sources */ = {isa = PBXBuildFile; fileRef = CEA891862508D0270000D32E /* Binding.swift */; };
		CEA8918D2508D0DD0000D32E /* HomeWireframe.swift in Sources */ = {isa = PBXBuildFile; fileRef = CEA8918C2508D0DD0000D32E /* HomeWireframe.swift */; };
		CEA8918F2508D27D0000D32E /* HomeViewModel.swift in Sources */ = {isa = PBXBuildFile; fileRef = CEA8918E2508D27D0000D32E /* HomeViewModel.swift */; };
/* End PBXBuildFile section */

/* Begin PBXFileReference section */
		20FD0D9CD3FE44675AB9BE68 /* Pods-Mvvvm-demo.debug (stage).xcconfig */ = {isa = PBXFileReference; includeInIndex = 1; lastKnownFileType = text.xcconfig; name = "Pods-Mvvvm-demo.debug (stage).xcconfig"; path = "Target Support Files/Pods-Mvvvm-demo/Pods-Mvvvm-demo.debug (stage).xcconfig"; sourceTree = "<group>"; };
		25E23BE09BF7D2F0120005D5 /* Pods-Mvvvm-demo.debug (live).xcconfig */ = {isa = PBXFileReference; includeInIndex = 1; lastKnownFileType = text.xcconfig; name = "Pods-Mvvvm-demo.debug (live).xcconfig"; path = "Target Support Files/Pods-Mvvvm-demo/Pods-Mvvvm-demo.debug (live).xcconfig"; sourceTree = "<group>"; };
		2DA2DD7C2EF8D06ADF07249B /* Pods-Mvvvm-demo.release (live).xcconfig */ = {isa = PBXFileReference; includeInIndex = 1; lastKnownFileType = text.xcconfig; name = "Pods-Mvvvm-demo.release (live).xcconfig"; path = "Target Support Files/Pods-Mvvvm-demo/Pods-Mvvvm-demo.release (live).xcconfig"; sourceTree = "<group>"; };
		36003942AB0E4E262FB72575 /* Pods_Mvvvm_demo.framework */ = {isa = PBXFileReference; explicitFileType = wrapper.framework; includeInIndex = 0; path = Pods_Mvvvm_demo.framework; sourceTree = BUILT_PRODUCTS_DIR; };
		3F525638233CFDC2EDD2AD67 /* Pods-Mvvvm-demo.release (stage).xcconfig */ = {isa = PBXFileReference; includeInIndex = 1; lastKnownFileType = text.xcconfig; name = "Pods-Mvvvm-demo.release (stage).xcconfig"; path = "Target Support Files/Pods-Mvvvm-demo/Pods-Mvvvm-demo.release (stage).xcconfig"; sourceTree = "<group>"; };
		80F44FA842172465A25C4FFD /* Pods-Mvvvm-demo.debug.xcconfig */ = {isa = PBXFileReference; includeInIndex = 1; lastKnownFileType = text.xcconfig; name = "Pods-Mvvvm-demo.debug.xcconfig"; path = "Target Support Files/Pods-Mvvvm-demo/Pods-Mvvvm-demo.debug.xcconfig"; sourceTree = "<group>"; };
		CE1DF1F5251853A000BB7393 /* UserManager.swift */ = {isa = PBXFileReference; lastKnownFileType = sourcecode.swift; path = UserManager.swift; sourceTree = "<group>"; };
		CE1F2E292503EF660029F7AC /* Mvvvm-demo.app */ = {isa = PBXFileReference; explicitFileType = wrapper.application; includeInIndex = 0; path = "Mvvvm-demo.app"; sourceTree = BUILT_PRODUCTS_DIR; };
		CE1F2E2C2503EF660029F7AC /* AppDelegate.swift */ = {isa = PBXFileReference; lastKnownFileType = sourcecode.swift; path = AppDelegate.swift; sourceTree = "<group>"; };
		CE1F2E2E2503EF660029F7AC /* SceneDelegate.swift */ = {isa = PBXFileReference; lastKnownFileType = sourcecode.swift; path = SceneDelegate.swift; sourceTree = "<group>"; };
		CE1F2E352503EF680029F7AC /* Assets.xcassets */ = {isa = PBXFileReference; lastKnownFileType = folder.assetcatalog; path = Assets.xcassets; sourceTree = "<group>"; };
		CE1F2E382503EF680029F7AC /* Base */ = {isa = PBXFileReference; lastKnownFileType = file.storyboard; name = Base; path = Base.lproj/LaunchScreen.storyboard; sourceTree = "<group>"; };
		CE1F2E3A2503EF680029F7AC /* Info.plist */ = {isa = PBXFileReference; lastKnownFileType = text.plist.xml; path = Info.plist; sourceTree = "<group>"; };
		CE4ACDB32504B8E600FA9356 /* Localizable.strings */ = {isa = PBXFileReference; lastKnownFileType = text.plist.strings; path = Localizable.strings; sourceTree = "<group>"; };
		CE4ACDB52504B8FB00FA9356 /* Localized.swift */ = {isa = PBXFileReference; fileEncoding = 4; lastKnownFileType = sourcecode.swift; path = Localized.swift; sourceTree = "<group>"; };
		CE4ACDB72504B90700FA9356 /* Fonts.swift */ = {isa = PBXFileReference; fileEncoding = 4; lastKnownFileType = sourcecode.swift; path = Fonts.swift; sourceTree = "<group>"; };
		CE4ACDB92504BAD300FA9356 /* SFProText-Bold.ttf */ = {isa = PBXFileReference; lastKnownFileType = file; path = "SFProText-Bold.ttf"; sourceTree = "<group>"; };
		CE4ACDBA2504BAD300FA9356 /* SFProText-Medium.ttf */ = {isa = PBXFileReference; lastKnownFileType = file; path = "SFProText-Medium.ttf"; sourceTree = "<group>"; };
		CE4ACDBE2504BB4A00FA9356 /* Colors.xcassets */ = {isa = PBXFileReference; lastKnownFileType = folder.assetcatalog; path = Colors.xcassets; sourceTree = "<group>"; };
		CE4ACDC92504C4CD00FA9356 /* Live.xcconfig */ = {isa = PBXFileReference; lastKnownFileType = text.xcconfig; path = Live.xcconfig; sourceTree = "<group>"; };
		CE4ACDCA2504C4DC00FA9356 /* Stage.xcconfig */ = {isa = PBXFileReference; lastKnownFileType = text.xcconfig; path = Stage.xcconfig; sourceTree = "<group>"; };
		CE4ACDCB2504C6A100FA9356 /* Enviroment.swift */ = {isa = PBXFileReference; lastKnownFileType = sourcecode.swift; path = Enviroment.swift; sourceTree = "<group>"; };
		CE59CD6F250DEB8E00787677 /* MovieListsResponse.swift */ = {isa = PBXFileReference; lastKnownFileType = sourcecode.swift; path = MovieListsResponse.swift; sourceTree = "<group>"; };
		CE59CD72250DEF6C00787677 /* MovieDetails.swift */ = {isa = PBXFileReference; lastKnownFileType = sourcecode.swift; path = MovieDetails.swift; sourceTree = "<group>"; };
		CE59CD74250DEF7600787677 /* Genres.swift */ = {isa = PBXFileReference; lastKnownFileType = sourcecode.swift; path = Genres.swift; sourceTree = "<group>"; };
		CE59CD77250DF04C00787677 /* MovieDetailsService.swift */ = {isa = PBXFileReference; lastKnownFileType = sourcecode.swift; path = MovieDetailsService.swift; sourceTree = "<group>"; };
		CE59CD79250DF07200787677 /* MovieDetailsService + NetworkManager.swift */ = {isa = PBXFileReference; lastKnownFileType = sourcecode.swift; path = "MovieDetailsService + NetworkManager.swift"; sourceTree = "<group>"; };
		CE72A4BB250E31FC00A6A82C /* MovieCell.swift */ = {isa = PBXFileReference; lastKnownFileType = sourcecode.swift; path = MovieCell.swift; sourceTree = "<group>"; };
		CE72A4BC250E31FC00A6A82C /* MovieCell.xib */ = {isa = PBXFileReference; lastKnownFileType = file.xib; path = MovieCell.xib; sourceTree = "<group>"; };
		CE72A4BF250E366200A6A82C /* UIImageView+Extension.swift */ = {isa = PBXFileReference; lastKnownFileType = sourcecode.swift; path = "UIImageView+Extension.swift"; sourceTree = "<group>"; };
		CE72A4C1250E37A800A6A82C /* NSObject + Extensions.swift */ = {isa = PBXFileReference; lastKnownFileType = sourcecode.swift; path = "NSObject + Extensions.swift"; sourceTree = "<group>"; };
		CE84B247250F534D009E1707 /* SplashViewController.swift */ = {isa = PBXFileReference; lastKnownFileType = sourcecode.swift; path = SplashViewController.swift; sourceTree = "<group>"; };
		CE84B248250F534D009E1707 /* SplashViewController.xib */ = {isa = PBXFileReference; lastKnownFileType = file.xib; path = SplashViewController.xib; sourceTree = "<group>"; };
		CE90CF2825108EBD00625855 /* HomeWebService.swift */ = {isa = PBXFileReference; lastKnownFileType = sourcecode.swift; path = HomeWebService.swift; sourceTree = "<group>"; };
		CE93D1C1250446F70098327B /* Assets.swift */ = {isa = PBXFileReference; fileEncoding = 4; lastKnownFileType = sourcecode.swift; path = Assets.swift; sourceTree = "<group>"; };
		CE9BD59525070F03005B9619 /* MovieModel.swift */ = {isa = PBXFileReference; lastKnownFileType = sourcecode.swift; path = MovieModel.swift; sourceTree = "<group>"; };
		CE9BD599250713C0005B9619 /* NetworkError.swift */ = {isa = PBXFileReference; lastKnownFileType = sourcecode.swift; path = NetworkError.swift; sourceTree = "<group>"; };
		CE9BD59B2507156A005B9619 /* NetworkManager.swift */ = {isa = PBXFileReference; lastKnownFileType = sourcecode.swift; path = NetworkManager.swift; sourceTree = "<group>"; };
		CE9BD59D25071595005B9619 /* NetworkResponse.swift */ = {isa = PBXFileReference; lastKnownFileType = sourcecode.swift; path = NetworkResponse.swift; sourceTree = "<group>"; };
		CE9BD59F25071642005B9619 /* NetworkDefaults.swift */ = {isa = PBXFileReference; lastKnownFileType = sourcecode.swift; path = NetworkDefaults.swift; sourceTree = "<group>"; };
		CE9BD5A125071667005B9619 /* MoviesDBSessionManager.swift */ = {isa = PBXFileReference; lastKnownFileType = sourcecode.swift; path = MoviesDBSessionManager.swift; sourceTree = "<group>"; };
		CE9BD5A325071775005B9619 /* HomeViewController.swift */ = {isa = PBXFileReference; lastKnownFileType = sourcecode.swift; path = HomeViewController.swift; sourceTree = "<group>"; };
		CE9BD5A425071775005B9619 /* HomeViewController.xib */ = {isa = PBXFileReference; lastKnownFileType = file.xib; path = HomeViewController.xib; sourceTree = "<group>"; };
		CE9BD5AA2507196F005B9619 /* PopularMovies.swift */ = {isa = PBXFileReference; lastKnownFileType = sourcecode.swift; path = PopularMovies.swift; sourceTree = "<group>"; };
		CE9BD5AC25071A64005B9619 /* PopularMovies+NetworkManager.swift */ = {isa = PBXFileReference; lastKnownFileType = sourcecode.swift; path = "PopularMovies+NetworkManager.swift"; sourceTree = "<group>"; };
		CE9BD5AE25071B12005B9619 /* NetworkManager+ParseResponse.swift */ = {isa = PBXFileReference; lastKnownFileType = sourcecode.swift; path = "NetworkManager+ParseResponse.swift"; sourceTree = "<group>"; };
		CE9BD5B0250721EA005B9619 /* AppDelegate+Extension.swift */ = {isa = PBXFileReference; lastKnownFileType = sourcecode.swift; path = "AppDelegate+Extension.swift"; sourceTree = "<group>"; };
		CE9BD5B225072315005B9619 /* Container.swift */ = {isa = PBXFileReference; lastKnownFileType = sourcecode.swift; path = Container.swift; sourceTree = "<group>"; };
		CE9BD5B42507241C005B9619 /* AppManager.swift */ = {isa = PBXFileReference; lastKnownFileType = sourcecode.swift; path = AppManager.swift; sourceTree = "<group>"; };
		CE9BD5B625072674005B9619 /* UIView+Extension.swift */ = {isa = PBXFileReference; lastKnownFileType = sourcecode.swift; path = "UIView+Extension.swift"; sourceTree = "<group>"; };
		CE9BD5B9250726C2005B9619 /* AppNavigationController.swift */ = {isa = PBXFileReference; lastKnownFileType = sourcecode.swift; path = AppNavigationController.swift; sourceTree = "<group>"; };
		CE9BD5BC25072723005B9619 /* LoaderProtocol.swift */ = {isa = PBXFileReference; lastKnownFileType = sourcecode.swift; path = LoaderProtocol.swift; sourceTree = "<group>"; };
		CE9BD5BE2507272F005B9619 /* Loader.swift */ = {isa = PBXFileReference; lastKnownFileType = sourcecode.swift; path = Loader.swift; sourceTree = "<group>"; };
		CE9BD5C0250727E8005B9619 /* BaseViewController.swift */ = {isa = PBXFileReference; lastKnownFileType = sourcecode.swift; path = BaseViewController.swift; sourceTree = "<group>"; };
		CE9BD5C225072889005B9619 /* UIColor+Extension.swift */ = {isa = PBXFileReference; lastKnownFileType = sourcecode.swift; path = "UIColor+Extension.swift"; sourceTree = "<group>"; };
		CEA891862508D0270000D32E /* Binding.swift */ = {isa = PBXFileReference; lastKnownFileType = sourcecode.swift; path = Binding.swift; sourceTree = "<group>"; };
		CEA8918C2508D0DD0000D32E /* HomeWireframe.swift */ = {isa = PBXFileReference; lastKnownFileType = sourcecode.swift; path = HomeWireframe.swift; sourceTree = "<group>"; };
		CEA8918E2508D27D0000D32E /* HomeViewModel.swift */ = {isa = PBXFileReference; lastKnownFileType = sourcecode.swift; path = HomeViewModel.swift; sourceTree = "<group>"; };
		D59A3D2DE9BB5907C422045F /* Pods-Mvvvm-demo.release.xcconfig */ = {isa = PBXFileReference; includeInIndex = 1; lastKnownFileType = text.xcconfig; name = "Pods-Mvvvm-demo.release.xcconfig"; path = "Target Support Files/Pods-Mvvvm-demo/Pods-Mvvvm-demo.release.xcconfig"; sourceTree = "<group>"; };
/* End PBXFileReference section */

/* Begin PBXFrameworksBuildPhase section */
		CE1F2E262503EF660029F7AC /* Frameworks */ = {
			isa = PBXFrameworksBuildPhase;
			buildActionMask = 2147483647;
			files = (
				89219B1CEEB8ADD52EE79D89 /* Pods_Mvvvm_demo.framework in Frameworks */,
			);
			runOnlyForDeploymentPostprocessing = 0;
		};
/* End PBXFrameworksBuildPhase section */

/* Begin PBXGroup section */
		1202A69624455895BF50FBCB /* Pods */ = {
			isa = PBXGroup;
			children = (
				80F44FA842172465A25C4FFD /* Pods-Mvvvm-demo.debug.xcconfig */,
				D59A3D2DE9BB5907C422045F /* Pods-Mvvvm-demo.release.xcconfig */,
				25E23BE09BF7D2F0120005D5 /* Pods-Mvvvm-demo.debug (live).xcconfig */,
				20FD0D9CD3FE44675AB9BE68 /* Pods-Mvvvm-demo.debug (stage).xcconfig */,
				3F525638233CFDC2EDD2AD67 /* Pods-Mvvvm-demo.release (stage).xcconfig */,
				2DA2DD7C2EF8D06ADF07249B /* Pods-Mvvvm-demo.release (live).xcconfig */,
			);
			path = Pods;
			sourceTree = "<group>";
		};
		CE1F2E202503EF660029F7AC = {
			isa = PBXGroup;
			children = (
				CE1F2E2B2503EF660029F7AC /* Mvvvm-demo */,
				CE1F2E2A2503EF660029F7AC /* Products */,
				1202A69624455895BF50FBCB /* Pods */,
				D77232610DB30E9EB2647008 /* Frameworks */,
			);
			sourceTree = "<group>";
		};
		CE1F2E2A2503EF660029F7AC /* Products */ = {
			isa = PBXGroup;
			children = (
				CE1F2E292503EF660029F7AC /* Mvvvm-demo.app */,
			);
			name = Products;
			sourceTree = "<group>";
		};
		CE1F2E2B2503EF660029F7AC /* Mvvvm-demo */ = {
			isa = PBXGroup;
			children = (
				CE1F2E3A2503EF680029F7AC /* Info.plist */,
				CE1F2E4A2503F4BC0029F7AC /* Utilities */,
				CE1F2E492503F4A70029F7AC /* Services */,
				CE1F2E482503F4960029F7AC /* Resources */,
				CE1F2E472503F4780029F7AC /* NetworkServices */,
				CE1F2E462503F46E0029F7AC /* Custom */,
				CE1F2E452503F4530029F7AC /* Extensions */,
				CE1F2E442503F4490029F7AC /* Base */,
				CE1F2E432503F4330029F7AC /* StoryBoard */,
				CE1F2E422503F40C0029F7AC /* Models */,
				CE1F2E412503F3FB0029F7AC /* Scenes */,
				CE1F2E402503F3E40029F7AC /* AppDelegate+SceneDelegate */,
			);
			path = "Mvvvm-demo";
			sourceTree = "<group>";
		};
		CE1F2E402503F3E40029F7AC /* AppDelegate+SceneDelegate */ = {
			isa = PBXGroup;
			children = (
				CE1F2E2C2503EF660029F7AC /* AppDelegate.swift */,
				CE1F2E2E2503EF660029F7AC /* SceneDelegate.swift */,
				CE9BD5B0250721EA005B9619 /* AppDelegate+Extension.swift */,
			);
			path = "AppDelegate+SceneDelegate";
			sourceTree = "<group>";
		};
		CE1F2E412503F3FB0029F7AC /* Scenes */ = {
			isa = PBXGroup;
			children = (
				CE84B246250F532E009E1707 /* splash */,
				CE9BD59325070EB0005B9619 /* Home */,
			);
			path = Scenes;
			sourceTree = "<group>";
		};
		CE1F2E422503F40C0029F7AC /* Models */ = {
			isa = PBXGroup;
			children = (
				CE59CD71250DEF5600787677 /* MovieDetails */,
				CE9BD59425070ED6005B9619 /* Movie */,
				CE9BD599250713C0005B9619 /* NetworkError.swift */,
				CE9BD59D25071595005B9619 /* NetworkResponse.swift */,
				CE59CD6F250DEB8E00787677 /* MovieListsResponse.swift */,
			);
			path = Models;
			sourceTree = "<group>";
		};
		CE1F2E432503F4330029F7AC /* StoryBoard */ = {
			isa = PBXGroup;
			children = (
				CE1F2E372503EF680029F7AC /* LaunchScreen.storyboard */,
			);
			path = StoryBoard;
			sourceTree = "<group>";
		};
		CE1F2E442503F4490029F7AC /* Base */ = {
			isa = PBXGroup;
			children = (
				CE9BD5C0250727E8005B9619 /* BaseViewController.swift */,
			);
			path = Base;
			sourceTree = "<group>";
		};
		CE1F2E452503F4530029F7AC /* Extensions */ = {
			isa = PBXGroup;
			children = (
				CE9BD5B625072674005B9619 /* UIView+Extension.swift */,
				CE9BD5C225072889005B9619 /* UIColor+Extension.swift */,
				CE72A4BF250E366200A6A82C /* UIImageView+Extension.swift */,
				CE72A4C1250E37A800A6A82C /* NSObject + Extensions.swift */,
			);
			path = Extensions;
			sourceTree = "<group>";
		};
		CE1F2E462503F46E0029F7AC /* Custom */ = {
			isa = PBXGroup;
			children = (
				CE9BD5BB2507270E005B9619 /* Loader */,
				CE9BD5B8250726A8005B9619 /* AppNavigationController */,
			);
			path = Custom;
			sourceTree = "<group>";
		};
		CE1F2E472503F4780029F7AC /* NetworkServices */ = {
			isa = PBXGroup;
			children = (
				CE9BD5A825071928005B9619 /* Services */,
				CE9BD59B2507156A005B9619 /* NetworkManager.swift */,
				CE9BD59F25071642005B9619 /* NetworkDefaults.swift */,
				CE9BD5A125071667005B9619 /* MoviesDBSessionManager.swift */,
				CE9BD5AE25071B12005B9619 /* NetworkManager+ParseResponse.swift */,
			);
			path = NetworkServices;
			sourceTree = "<group>";
		};
		CE1F2E482503F4960029F7AC /* Resources */ = {
			isa = PBXGroup;
			children = (
				CE4ACDC82504C46A00FA9356 /* Configrations */,
				CE4ACDBD2504BAFB00FA9356 /* Colors */,
				CE4ACDB22504B88700FA9356 /* Fonts */,
				CE4ACDB12504B87400FA9356 /* Localization */,
				CE1F2E4B2503F5360029F7AC /* Assets */,
			);
			path = Resources;
			sourceTree = "<group>";
		};
		CE1F2E492503F4A70029F7AC /* Services */ = {
			isa = PBXGroup;
			children = (
				CE9BD5B225072315005B9619 /* Container.swift */,
				CE9BD5B42507241C005B9619 /* AppManager.swift */,
				CE1DF1F5251853A000BB7393 /* UserManager.swift */,
			);
			path = Services;
			sourceTree = "<group>";
		};
		CE1F2E4A2503F4BC0029F7AC /* Utilities */ = {
			isa = PBXGroup;
			children = (
				CEA891862508D0270000D32E /* Binding.swift */,
			);
			path = Utilities;
			sourceTree = "<group>";
		};
		CE1F2E4B2503F5360029F7AC /* Assets */ = {
			isa = PBXGroup;
			children = (
				CE93D1C1250446F70098327B /* Assets.swift */,
				CE1F2E352503EF680029F7AC /* Assets.xcassets */,
			);
			path = Assets;
			sourceTree = "<group>";
		};
		CE4ACDB12504B87400FA9356 /* Localization */ = {
			isa = PBXGroup;
			children = (
				CE4ACDB52504B8FB00FA9356 /* Localized.swift */,
				CE4ACDB32504B8E600FA9356 /* Localizable.strings */,
			);
			path = Localization;
			sourceTree = "<group>";
		};
		CE4ACDB22504B88700FA9356 /* Fonts */ = {
			isa = PBXGroup;
			children = (
				CE4ACDB92504BAD300FA9356 /* SFProText-Bold.ttf */,
				CE4ACDBA2504BAD300FA9356 /* SFProText-Medium.ttf */,
				CE4ACDB72504B90700FA9356 /* Fonts.swift */,
			);
			path = Fonts;
			sourceTree = "<group>";
		};
		CE4ACDBD2504BAFB00FA9356 /* Colors */ = {
			isa = PBXGroup;
			children = (
				CE4ACDBE2504BB4A00FA9356 /* Colors.xcassets */,
			);
			path = Colors;
			sourceTree = "<group>";
		};
		CE4ACDC82504C46A00FA9356 /* Configrations */ = {
			isa = PBXGroup;
			children = (
				CE4ACDC92504C4CD00FA9356 /* Live.xcconfig */,
				CE4ACDCA2504C4DC00FA9356 /* Stage.xcconfig */,
				CE4ACDCB2504C6A100FA9356 /* Enviroment.swift */,
			);
			path = Configrations;
			sourceTree = "<group>";
		};
		CE59CD71250DEF5600787677 /* MovieDetails */ = {
			isa = PBXGroup;
			children = (
				CE59CD72250DEF6C00787677 /* MovieDetails.swift */,
				CE59CD74250DEF7600787677 /* Genres.swift */,
			);
			path = MovieDetails;
			sourceTree = "<group>";
		};
		CE59CD76250DF02E00787677 /* MovieDetailsService */ = {
			isa = PBXGroup;
			children = (
				CE59CD77250DF04C00787677 /* MovieDetailsService.swift */,
				CE59CD79250DF07200787677 /* MovieDetailsService + NetworkManager.swift */,
			);
			path = MovieDetailsService;
			sourceTree = "<group>";
		};
		CE72A4BA250E31CE00A6A82C /* MovieCell */ = {
			isa = PBXGroup;
			children = (
				CE72A4BB250E31FC00A6A82C /* MovieCell.swift */,
				CE72A4BC250E31FC00A6A82C /* MovieCell.xib */,
			);
			path = MovieCell;
			sourceTree = "<group>";
		};
		CE84B246250F532E009E1707 /* splash */ = {
			isa = PBXGroup;
			children = (
				CE84B247250F534D009E1707 /* SplashViewController.swift */,
				CE84B248250F534D009E1707 /* SplashViewController.xib */,
			);
			path = splash;
			sourceTree = "<group>";
		};
		CE9BD59325070EB0005B9619 /* Home */ = {
			isa = PBXGroup;
			children = (
				CEA891892508D06A0000D32E /* ViewModel */,
				CEA891882508D0530000D32E /* View */,
				CEA8918C2508D0DD0000D32E /* HomeWireframe.swift */,
				CE90CF2825108EBD00625855 /* HomeWebService.swift */,
			);
			path = Home;
			sourceTree = "<group>";
		};
		CE9BD59425070ED6005B9619 /* Movie */ = {
			isa = PBXGroup;
			children = (
				CE9BD59525070F03005B9619 /* MovieModel.swift */,
			);
			path = Movie;
			sourceTree = "<group>";
		};
		CE9BD5A825071928005B9619 /* Services */ = {
			isa = PBXGroup;
			children = (
				CE59CD76250DF02E00787677 /* MovieDetailsService */,
				CE9BD5A925071942005B9619 /* PopularMovies */,
			);
			path = Services;
			sourceTree = "<group>";
		};
		CE9BD5A925071942005B9619 /* PopularMovies */ = {
			isa = PBXGroup;
			children = (
				CE9BD5AA2507196F005B9619 /* PopularMovies.swift */,
				CE9BD5AC25071A64005B9619 /* PopularMovies+NetworkManager.swift */,
			);
			path = PopularMovies;
			sourceTree = "<group>";
		};
		CE9BD5B8250726A8005B9619 /* AppNavigationController */ = {
			isa = PBXGroup;
			children = (
				CE9BD5B9250726C2005B9619 /* AppNavigationController.swift */,
			);
			path = AppNavigationController;
			sourceTree = "<group>";
		};
		CE9BD5BB2507270E005B9619 /* Loader */ = {
			isa = PBXGroup;
			children = (
				CE9BD5BC25072723005B9619 /* LoaderProtocol.swift */,
				CE9BD5BE2507272F005B9619 /* Loader.swift */,
			);
			path = Loader;
			sourceTree = "<group>";
		};
		CEA891882508D0530000D32E /* View */ = {
			isa = PBXGroup;
			children = (
				CE72A4BA250E31CE00A6A82C /* MovieCell */,
				CE9BD5A325071775005B9619 /* HomeViewController.swift */,
				CE9BD5A425071775005B9619 /* HomeViewController.xib */,
			);
			path = View;
			sourceTree = "<group>";
		};
		CEA891892508D06A0000D32E /* ViewModel */ = {
			isa = PBXGroup;
			children = (
				CEA8918E2508D27D0000D32E /* HomeViewModel.swift */,
			);
			path = ViewModel;
			sourceTree = "<group>";
		};
		D77232610DB30E9EB2647008 /* Frameworks */ = {
			isa = PBXGroup;
			children = (
				36003942AB0E4E262FB72575 /* Pods_Mvvvm_demo.framework */,
			);
			name = Frameworks;
			sourceTree = "<group>";
		};
/* End PBXGroup section */

/* Begin PBXNativeTarget section */
		CE1F2E282503EF660029F7AC /* Mvvvm-demo */ = {
			isa = PBXNativeTarget;
			buildConfigurationList = CE1F2E3D2503EF680029F7AC /* Build configuration list for PBXNativeTarget "Mvvvm-demo" */;
			buildPhases = (
				E478B176E08DDC4D093787EA /* [CP] Check Pods Manifest.lock */,
				CE1F2E252503EF660029F7AC /* Sources */,
				CE1F2E262503EF660029F7AC /* Frameworks */,
				CE1F2E272503EF660029F7AC /* Resources */,
				E80F7C42D75A8717BC038D00 /* [CP] Embed Pods Frameworks */,
				CE1F2E4E2503FA830029F7AC /* swiftgen */,
				CE9BD5A72507178E005B9619 /* swiftlint */,
			);
			buildRules = (
			);
			dependencies = (
			);
			name = "Mvvvm-demo";
			productName = "Mvvvm-demo";
			productReference = CE1F2E292503EF660029F7AC /* Mvvvm-demo.app */;
			productType = "com.apple.product-type.application";
		};
/* End PBXNativeTarget section */

/* Begin PBXProject section */
		CE1F2E212503EF660029F7AC /* Project object */ = {
			isa = PBXProject;
			attributes = {
				LastSwiftUpdateCheck = 1150;
				LastUpgradeCheck = 1150;
				ORGANIZATIONNAME = user;
				TargetAttributes = {
					CE1F2E282503EF660029F7AC = {
						CreatedOnToolsVersion = 11.5;
					};
				};
			};
			buildConfigurationList = CE1F2E242503EF660029F7AC /* Build configuration list for PBXProject "Mvvvm-demo" */;
			compatibilityVersion = "Xcode 9.3";
			developmentRegion = en;
			hasScannedForEncodings = 0;
			knownRegions = (
				en,
				Base,
			);
			mainGroup = CE1F2E202503EF660029F7AC;
			productRefGroup = CE1F2E2A2503EF660029F7AC /* Products */;
			projectDirPath = "";
			projectRoot = "";
			targets = (
				CE1F2E282503EF660029F7AC /* Mvvvm-demo */,
			);
		};
/* End PBXProject section */

/* Begin PBXResourcesBuildPhase section */
		CE1F2E272503EF660029F7AC /* Resources */ = {
			isa = PBXResourcesBuildPhase;
			buildActionMask = 2147483647;
			files = (
				CE1F2E392503EF680029F7AC /* LaunchScreen.storyboard in Resources */,
				CE84B24A250F534D009E1707 /* SplashViewController.xib in Resources */,
				CE4ACDB42504B8E600FA9356 /* Localizable.strings in Resources */,
				CE1F2E362503EF680029F7AC /* Assets.xcassets in Resources */,
				CE4ACDBF2504BB4A00FA9356 /* Colors.xcassets in Resources */,
				CE4ACDBB2504BAD300FA9356 /* SFProText-Bold.ttf in Resources */,
				CE9BD5A625071775005B9619 /* HomeViewController.xib in Resources */,
				CE72A4BE250E31FC00A6A82C /* MovieCell.xib in Resources */,
				CE4ACDBC2504BAD300FA9356 /* SFProText-Medium.ttf in Resources */,
			);
			runOnlyForDeploymentPostprocessing = 0;
		};
/* End PBXResourcesBuildPhase section */

/* Begin PBXShellScriptBuildPhase section */
		CE1F2E4E2503FA830029F7AC /* swiftgen */ = {
			isa = PBXShellScriptBuildPhase;
			buildActionMask = 2147483647;
			files = (
			);
			inputFileListPaths = (
			);
			inputPaths = (
			);
			name = swiftgen;
			outputFileListPaths = (
			);
			outputPaths = (
			);
			runOnlyForDeploymentPostprocessing = 0;
			shellPath = /bin/sh;
			shellScript = "swiftgen\n";
		};
		CE9BD5A72507178E005B9619 /* swiftlint */ = {
			isa = PBXShellScriptBuildPhase;
			buildActionMask = 2147483647;
			files = (
			);
			inputFileListPaths = (
			);
			inputPaths = (
			);
			name = swiftlint;
			outputFileListPaths = (
			);
			outputPaths = (
			);
			runOnlyForDeploymentPostprocessing = 0;
			shellPath = /bin/sh;
			shellScript = "if which swiftlint >/dev/null; then\n  swiftlint\nelse\n  echo \"warning: SwiftLint not installed, download from https://github.com/realm/SwiftLint\"\nfi\n\n";
		};
		E478B176E08DDC4D093787EA /* [CP] Check Pods Manifest.lock */ = {
			isa = PBXShellScriptBuildPhase;
			buildActionMask = 2147483647;
			files = (
			);
			inputFileListPaths = (
			);
			inputPaths = (
				"${PODS_PODFILE_DIR_PATH}/Podfile.lock",
				"${PODS_ROOT}/Manifest.lock",
			);
			name = "[CP] Check Pods Manifest.lock";
			outputFileListPaths = (
			);
			outputPaths = (
				"$(DERIVED_FILE_DIR)/Pods-Mvvvm-demo-checkManifestLockResult.txt",
			);
			runOnlyForDeploymentPostprocessing = 0;
			shellPath = /bin/sh;
			shellScript = "diff \"${PODS_PODFILE_DIR_PATH}/Podfile.lock\" \"${PODS_ROOT}/Manifest.lock\" > /dev/null\nif [ $? != 0 ] ; then\n    # print error to STDERR\n    echo \"error: The sandbox is not in sync with the Podfile.lock. Run 'pod install' or update your CocoaPods installation.\" >&2\n    exit 1\nfi\n# This output is used by Xcode 'outputs' to avoid re-running this script phase.\necho \"SUCCESS\" > \"${SCRIPT_OUTPUT_FILE_0}\"\n";
			showEnvVarsInLog = 0;
		};
		E80F7C42D75A8717BC038D00 /* [CP] Embed Pods Frameworks */ = {
			isa = PBXShellScriptBuildPhase;
			buildActionMask = 2147483647;
			files = (
			);
			inputFileListPaths = (
				"${PODS_ROOT}/Target Support Files/Pods-Mvvvm-demo/Pods-Mvvvm-demo-frameworks-${CONFIGURATION}-input-files.xcfilelist",
			);
			name = "[CP] Embed Pods Frameworks";
			outputFileListPaths = (
				"${PODS_ROOT}/Target Support Files/Pods-Mvvvm-demo/Pods-Mvvvm-demo-frameworks-${CONFIGURATION}-output-files.xcfilelist",
			);
			runOnlyForDeploymentPostprocessing = 0;
			shellPath = /bin/sh;
			shellScript = "\"${PODS_ROOT}/Target Support Files/Pods-Mvvvm-demo/Pods-Mvvvm-demo-frameworks.sh\"\n";
			showEnvVarsInLog = 0;
		};
/* End PBXShellScriptBuildPhase section */

/* Begin PBXSourcesBuildPhase section */
		CE1F2E252503EF660029F7AC /* Sources */ = {
			isa = PBXSourcesBuildPhase;
			buildActionMask = 2147483647;
			files = (
				CE9BD5BA250726C2005B9619 /* AppNavigationController.swift in Sources */,
				CE9BD59625070F03005B9619 /* MovieModel.swift in Sources */,
				CE9BD59E25071595005B9619 /* NetworkResponse.swift in Sources */,
				CE1DF1F6251853A000BB7393 /* UserManager.swift in Sources */,
				CE9BD5BF2507272F005B9619 /* Loader.swift in Sources */,
				CE84B249250F534D009E1707 /* SplashViewController.swift in Sources */,
				CE1F2E2D2503EF660029F7AC /* AppDelegate.swift in Sources */,
				CE9BD5C1250727E8005B9619 /* BaseViewController.swift in Sources */,
				CE9BD5AF25071B12005B9619 /* NetworkManager+ParseResponse.swift in Sources */,
				CEA891872508D0270000D32E /* Binding.swift in Sources */,
				CE9BD5A225071667005B9619 /* MoviesDBSessionManager.swift in Sources */,
				CE9BD59C2507156A005B9619 /* NetworkManager.swift in Sources */,
				CE59CD75250DEF7600787677 /* Genres.swift in Sources */,
				CE59CD78250DF04C00787677 /* MovieDetailsService.swift in Sources */,
				CE9BD5C325072889005B9619 /* UIColor+Extension.swift in Sources */,
				CE9BD5AD25071A64005B9619 /* PopularMovies+NetworkManager.swift in Sources */,
				CE9BD5BD25072723005B9619 /* LoaderProtocol.swift in Sources */,
				CE59CD7A250DF07200787677 /* MovieDetailsService + NetworkManager.swift in Sources */,
				CE9BD5B325072315005B9619 /* Container.swift in Sources */,
				CE59CD70250DEB8E00787677 /* MovieListsResponse.swift in Sources */,
				CE72A4BD250E31FC00A6A82C /* MovieCell.swift in Sources */,
				CE4ACDB82504B90700FA9356 /* Fonts.swift in Sources */,
				CE4ACDCC2504C6A100FA9356 /* Enviroment.swift in Sources */,
				CE72A4C2250E37A800A6A82C /* NSObject + Extensions.swift in Sources */,
				CEA8918D2508D0DD0000D32E /* HomeWireframe.swift in Sources */,
				CE4ACDB62504B8FB00FA9356 /* Localized.swift in Sources */,
				CE9BD59A250713C0005B9619 /* NetworkError.swift in Sources */,
				CE9BD5B1250721EA005B9619 /* AppDelegate+Extension.swift in Sources */,
				CE9BD5A025071642005B9619 /* NetworkDefaults.swift in Sources */,
				CE9BD5B52507241C005B9619 /* AppManager.swift in Sources */,
				CE59CD73250DEF6C00787677 /* MovieDetails.swift in Sources */,
				CE1F2E2F2503EF660029F7AC /* SceneDelegate.swift in Sources */,
				CEA8918F2508D27D0000D32E /* HomeViewModel.swift in Sources */,
				CE72A4C0250E366200A6A82C /* UIImageView+Extension.swift in Sources */,
				CE9BD5A525071775005B9619 /* HomeViewController.swift in Sources */,
				CE9BD5AB2507196F005B9619 /* PopularMovies.swift in Sources */,
				CE9BD5B725072674005B9619 /* UIView+Extension.swift in Sources */,
				CE93D1C2250446F70098327B /* Assets.swift in Sources */,
				CE90CF2925108EBD00625855 /* HomeWebService.swift in Sources */,
			);
			runOnlyForDeploymentPostprocessing = 0;
		};
/* End PBXSourcesBuildPhase section */

/* Begin PBXVariantGroup section */
		CE1F2E372503EF680029F7AC /* LaunchScreen.storyboard */ = {
			isa = PBXVariantGroup;
			children = (
				CE1F2E382503EF680029F7AC /* Base */,
			);
			name = LaunchScreen.storyboard;
			sourceTree = "<group>";
		};
/* End PBXVariantGroup section */

/* Begin XCBuildConfiguration section */
		CE1F2E3B2503EF680029F7AC /* Debug */ = {
			isa = XCBuildConfiguration;
			buildSettings = {
				ALWAYS_SEARCH_USER_PATHS = NO;
				CLANG_ANALYZER_NONNULL = YES;
				CLANG_ANALYZER_NUMBER_OBJECT_CONVERSION = YES_AGGRESSIVE;
				CLANG_CXX_LANGUAGE_STANDARD = "gnu++14";
				CLANG_CXX_LIBRARY = "libc++";
				CLANG_ENABLE_MODULES = YES;
				CLANG_ENABLE_OBJC_ARC = YES;
				CLANG_ENABLE_OBJC_WEAK = YES;
				CLANG_WARN_BLOCK_CAPTURE_AUTORELEASING = YES;
				CLANG_WARN_BOOL_CONVERSION = YES;
				CLANG_WARN_COMMA = YES;
				CLANG_WARN_CONSTANT_CONVERSION = YES;
				CLANG_WARN_DEPRECATED_OBJC_IMPLEMENTATIONS = YES;
				CLANG_WARN_DIRECT_OBJC_ISA_USAGE = YES_ERROR;
				CLANG_WARN_DOCUMENTATION_COMMENTS = YES;
				CLANG_WARN_EMPTY_BODY = YES;
				CLANG_WARN_ENUM_CONVERSION = YES;
				CLANG_WARN_INFINITE_RECURSION = YES;
				CLANG_WARN_INT_CONVERSION = YES;
				CLANG_WARN_NON_LITERAL_NULL_CONVERSION = YES;
				CLANG_WARN_OBJC_IMPLICIT_RETAIN_SELF = YES;
				CLANG_WARN_OBJC_LITERAL_CONVERSION = YES;
				CLANG_WARN_OBJC_ROOT_CLASS = YES_ERROR;
				CLANG_WARN_RANGE_LOOP_ANALYSIS = YES;
				CLANG_WARN_STRICT_PROTOTYPES = YES;
				CLANG_WARN_SUSPICIOUS_MOVE = YES;
				CLANG_WARN_UNGUARDED_AVAILABILITY = YES_AGGRESSIVE;
				CLANG_WARN_UNREACHABLE_CODE = YES;
				CLANG_WARN__DUPLICATE_METHOD_MATCH = YES;
				COPY_PHASE_STRIP = NO;
				DEBUG_INFORMATION_FORMAT = dwarf;
				ENABLE_STRICT_OBJC_MSGSEND = YES;
				ENABLE_TESTABILITY = YES;
				GCC_C_LANGUAGE_STANDARD = gnu11;
				GCC_DYNAMIC_NO_PIC = NO;
				GCC_NO_COMMON_BLOCKS = YES;
				GCC_OPTIMIZATION_LEVEL = 0;
				GCC_PREPROCESSOR_DEFINITIONS = (
					"DEBUG=1",
					"$(inherited)",
				);
				GCC_WARN_64_TO_32_BIT_CONVERSION = YES;
				GCC_WARN_ABOUT_RETURN_TYPE = YES_ERROR;
				GCC_WARN_UNDECLARED_SELECTOR = YES;
				GCC_WARN_UNINITIALIZED_AUTOS = YES_AGGRESSIVE;
				GCC_WARN_UNUSED_FUNCTION = YES;
				GCC_WARN_UNUSED_VARIABLE = YES;
				IPHONEOS_DEPLOYMENT_TARGET = 13.5;
				MTL_ENABLE_DEBUG_INFO = INCLUDE_SOURCE;
				MTL_FAST_MATH = YES;
				ONLY_ACTIVE_ARCH = YES;
				SDKROOT = iphoneos;
				SWIFT_ACTIVE_COMPILATION_CONDITIONS = DEBUG;
				SWIFT_OPTIMIZATION_LEVEL = "-Onone";
			};
			name = Debug;
		};
		CE1F2E3C2503EF680029F7AC /* Release */ = {
			isa = XCBuildConfiguration;
			buildSettings = {
				ALWAYS_SEARCH_USER_PATHS = NO;
				CLANG_ANALYZER_NONNULL = YES;
				CLANG_ANALYZER_NUMBER_OBJECT_CONVERSION = YES_AGGRESSIVE;
				CLANG_CXX_LANGUAGE_STANDARD = "gnu++14";
				CLANG_CXX_LIBRARY = "libc++";
				CLANG_ENABLE_MODULES = YES;
				CLANG_ENABLE_OBJC_ARC = YES;
				CLANG_ENABLE_OBJC_WEAK = YES;
				CLANG_WARN_BLOCK_CAPTURE_AUTORELEASING = YES;
				CLANG_WARN_BOOL_CONVERSION = YES;
				CLANG_WARN_COMMA = YES;
				CLANG_WARN_CONSTANT_CONVERSION = YES;
				CLANG_WARN_DEPRECATED_OBJC_IMPLEMENTATIONS = YES;
				CLANG_WARN_DIRECT_OBJC_ISA_USAGE = YES_ERROR;
				CLANG_WARN_DOCUMENTATION_COMMENTS = YES;
				CLANG_WARN_EMPTY_BODY = YES;
				CLANG_WARN_ENUM_CONVERSION = YES;
				CLANG_WARN_INFINITE_RECURSION = YES;
				CLANG_WARN_INT_CONVERSION = YES;
				CLANG_WARN_NON_LITERAL_NULL_CONVERSION = YES;
				CLANG_WARN_OBJC_IMPLICIT_RETAIN_SELF = YES;
				CLANG_WARN_OBJC_LITERAL_CONVERSION = YES;
				CLANG_WARN_OBJC_ROOT_CLASS = YES_ERROR;
				CLANG_WARN_RANGE_LOOP_ANALYSIS = YES;
				CLANG_WARN_STRICT_PROTOTYPES = YES;
				CLANG_WARN_SUSPICIOUS_MOVE = YES;
				CLANG_WARN_UNGUARDED_AVAILABILITY = YES_AGGRESSIVE;
				CLANG_WARN_UNREACHABLE_CODE = YES;
				CLANG_WARN__DUPLICATE_METHOD_MATCH = YES;
				COPY_PHASE_STRIP = NO;
				DEBUG_INFORMATION_FORMAT = "dwarf-with-dsym";
				ENABLE_NS_ASSERTIONS = NO;
				ENABLE_STRICT_OBJC_MSGSEND = YES;
				GCC_C_LANGUAGE_STANDARD = gnu11;
				GCC_NO_COMMON_BLOCKS = YES;
				GCC_WARN_64_TO_32_BIT_CONVERSION = YES;
				GCC_WARN_ABOUT_RETURN_TYPE = YES_ERROR;
				GCC_WARN_UNDECLARED_SELECTOR = YES;
				GCC_WARN_UNINITIALIZED_AUTOS = YES_AGGRESSIVE;
				GCC_WARN_UNUSED_FUNCTION = YES;
				GCC_WARN_UNUSED_VARIABLE = YES;
				IPHONEOS_DEPLOYMENT_TARGET = 13.5;
				MTL_ENABLE_DEBUG_INFO = NO;
				MTL_FAST_MATH = YES;
				SDKROOT = iphoneos;
				SWIFT_COMPILATION_MODE = wholemodule;
				SWIFT_OPTIMIZATION_LEVEL = "-O";
				VALIDATE_PRODUCT = YES;
			};
			name = Release;
		};
		CE1F2E3E2503EF680029F7AC /* Debug */ = {
			isa = XCBuildConfiguration;
			baseConfigurationReference = 80F44FA842172465A25C4FFD /* Pods-Mvvvm-demo.debug.xcconfig */;
			buildSettings = {
				ASSETCATALOG_COMPILER_APPICON_NAME = AppIcon;
				CODE_SIGN_STYLE = Automatic;
				DEVELOPMENT_TEAM = 2C86JD592M;
				INFOPLIST_FILE = "Mvvvm-demo/Info.plist";
				LD_RUNPATH_SEARCH_PATHS = (
					"$(inherited)",
					"@executable_path/Frameworks",
				);
				PRODUCT_BUNDLE_IDENTIFIER = "ibtikar.Mvvvm-demo";
				PRODUCT_NAME = "$(TARGET_NAME)";
				SWIFT_VERSION = 5.0;
				TARGETED_DEVICE_FAMILY = "1,2";
			};
			name = Debug;
		};
		CE1F2E3F2503EF680029F7AC /* Release */ = {
			isa = XCBuildConfiguration;
			baseConfigurationReference = D59A3D2DE9BB5907C422045F /* Pods-Mvvvm-demo.release.xcconfig */;
			buildSettings = {
				ASSETCATALOG_COMPILER_APPICON_NAME = AppIcon;
				CODE_SIGN_STYLE = Automatic;
				DEVELOPMENT_TEAM = 2C86JD592M;
				INFOPLIST_FILE = "Mvvvm-demo/Info.plist";
				LD_RUNPATH_SEARCH_PATHS = (
					"$(inherited)",
					"@executable_path/Frameworks",
				);
				PRODUCT_BUNDLE_IDENTIFIER = "ibtikar.Mvvvm-demo";
				PRODUCT_NAME = "$(TARGET_NAME)";
				SWIFT_VERSION = 5.0;
				TARGETED_DEVICE_FAMILY = "1,2";
			};
			name = Release;
		};
		CE4ACDC02504BF2100FA9356 /* Debug (Stage) */ = {
			isa = XCBuildConfiguration;
			baseConfigurationReference = CE4ACDCA2504C4DC00FA9356 /* Stage.xcconfig */;
			buildSettings = {
				ALWAYS_SEARCH_USER_PATHS = NO;
				CLANG_ANALYZER_NONNULL = YES;
				CLANG_ANALYZER_NUMBER_OBJECT_CONVERSION = YES_AGGRESSIVE;
				CLANG_CXX_LANGUAGE_STANDARD = "gnu++14";
				CLANG_CXX_LIBRARY = "libc++";
				CLANG_ENABLE_MODULES = YES;
				CLANG_ENABLE_OBJC_ARC = YES;
				CLANG_ENABLE_OBJC_WEAK = YES;
				CLANG_WARN_BLOCK_CAPTURE_AUTORELEASING = YES;
				CLANG_WARN_BOOL_CONVERSION = YES;
				CLANG_WARN_COMMA = YES;
				CLANG_WARN_CONSTANT_CONVERSION = YES;
				CLANG_WARN_DEPRECATED_OBJC_IMPLEMENTATIONS = YES;
				CLANG_WARN_DIRECT_OBJC_ISA_USAGE = YES_ERROR;
				CLANG_WARN_DOCUMENTATION_COMMENTS = YES;
				CLANG_WARN_EMPTY_BODY = YES;
				CLANG_WARN_ENUM_CONVERSION = YES;
				CLANG_WARN_INFINITE_RECURSION = YES;
				CLANG_WARN_INT_CONVERSION = YES;
				CLANG_WARN_NON_LITERAL_NULL_CONVERSION = YES;
				CLANG_WARN_OBJC_IMPLICIT_RETAIN_SELF = YES;
				CLANG_WARN_OBJC_LITERAL_CONVERSION = YES;
				CLANG_WARN_OBJC_ROOT_CLASS = YES_ERROR;
				CLANG_WARN_RANGE_LOOP_ANALYSIS = YES;
				CLANG_WARN_STRICT_PROTOTYPES = YES;
				CLANG_WARN_SUSPICIOUS_MOVE = YES;
				CLANG_WARN_UNGUARDED_AVAILABILITY = YES_AGGRESSIVE;
				CLANG_WARN_UNREACHABLE_CODE = YES;
				CLANG_WARN__DUPLICATE_METHOD_MATCH = YES;
				COPY_PHASE_STRIP = NO;
				DEBUG_INFORMATION_FORMAT = dwarf;
				ENABLE_STRICT_OBJC_MSGSEND = YES;
				ENABLE_TESTABILITY = YES;
				GCC_C_LANGUAGE_STANDARD = gnu11;
				GCC_DYNAMIC_NO_PIC = NO;
				GCC_NO_COMMON_BLOCKS = YES;
				GCC_OPTIMIZATION_LEVEL = 0;
				GCC_PREPROCESSOR_DEFINITIONS = (
					"DEBUG=1",
					"$(inherited)",
				);
				GCC_WARN_64_TO_32_BIT_CONVERSION = YES;
				GCC_WARN_ABOUT_RETURN_TYPE = YES_ERROR;
				GCC_WARN_UNDECLARED_SELECTOR = YES;
				GCC_WARN_UNINITIALIZED_AUTOS = YES_AGGRESSIVE;
				GCC_WARN_UNUSED_FUNCTION = YES;
				GCC_WARN_UNUSED_VARIABLE = YES;
				IPHONEOS_DEPLOYMENT_TARGET = 13.5;
				MTL_ENABLE_DEBUG_INFO = INCLUDE_SOURCE;
				MTL_FAST_MATH = YES;
				ONLY_ACTIVE_ARCH = YES;
				SDKROOT = iphoneos;
				SWIFT_ACTIVE_COMPILATION_CONDITIONS = DEBUG;
				SWIFT_OPTIMIZATION_LEVEL = "-Onone";
			};
			name = "Debug (Stage)";
		};
		CE4ACDC12504BF2100FA9356 /* Debug (Stage) */ = {
			isa = XCBuildConfiguration;
			baseConfigurationReference = 20FD0D9CD3FE44675AB9BE68 /* Pods-Mvvvm-demo.debug (stage).xcconfig */;
			buildSettings = {
				ASSETCATALOG_COMPILER_APPICON_NAME = AppIcon;
				CODE_SIGN_STYLE = Automatic;
				DEVELOPMENT_TEAM = 2C86JD592M;
				INFOPLIST_FILE = "Mvvvm-demo/Info.plist";
				LD_RUNPATH_SEARCH_PATHS = (
					"$(inherited)",
					"@executable_path/Frameworks",
				);
				PRODUCT_BUNDLE_IDENTIFIER = "ibtikar.Mvvvm-demo";
				PRODUCT_NAME = "$(TARGET_NAME)";
				SWIFT_VERSION = 5.0;
				TARGETED_DEVICE_FAMILY = "1,2";
			};
			name = "Debug (Stage)";
		};
		CE4ACDC22504BF2600FA9356 /* Debug (Live) */ = {
			isa = XCBuildConfiguration;
			baseConfigurationReference = CE4ACDC92504C4CD00FA9356 /* Live.xcconfig */;
			buildSettings = {
				ALWAYS_SEARCH_USER_PATHS = NO;
				CLANG_ANALYZER_NONNULL = YES;
				CLANG_ANALYZER_NUMBER_OBJECT_CONVERSION = YES_AGGRESSIVE;
				CLANG_CXX_LANGUAGE_STANDARD = "gnu++14";
				CLANG_CXX_LIBRARY = "libc++";
				CLANG_ENABLE_MODULES = YES;
				CLANG_ENABLE_OBJC_ARC = YES;
				CLANG_ENABLE_OBJC_WEAK = YES;
				CLANG_WARN_BLOCK_CAPTURE_AUTORELEASING = YES;
				CLANG_WARN_BOOL_CONVERSION = YES;
				CLANG_WARN_COMMA = YES;
				CLANG_WARN_CONSTANT_CONVERSION = YES;
				CLANG_WARN_DEPRECATED_OBJC_IMPLEMENTATIONS = YES;
				CLANG_WARN_DIRECT_OBJC_ISA_USAGE = YES_ERROR;
				CLANG_WARN_DOCUMENTATION_COMMENTS = YES;
				CLANG_WARN_EMPTY_BODY = YES;
				CLANG_WARN_ENUM_CONVERSION = YES;
				CLANG_WARN_INFINITE_RECURSION = YES;
				CLANG_WARN_INT_CONVERSION = YES;
				CLANG_WARN_NON_LITERAL_NULL_CONVERSION = YES;
				CLANG_WARN_OBJC_IMPLICIT_RETAIN_SELF = YES;
				CLANG_WARN_OBJC_LITERAL_CONVERSION = YES;
				CLANG_WARN_OBJC_ROOT_CLASS = YES_ERROR;
				CLANG_WARN_RANGE_LOOP_ANALYSIS = YES;
				CLANG_WARN_STRICT_PROTOTYPES = YES;
				CLANG_WARN_SUSPICIOUS_MOVE = YES;
				CLANG_WARN_UNGUARDED_AVAILABILITY = YES_AGGRESSIVE;
				CLANG_WARN_UNREACHABLE_CODE = YES;
				CLANG_WARN__DUPLICATE_METHOD_MATCH = YES;
				COPY_PHASE_STRIP = NO;
				DEBUG_INFORMATION_FORMAT = dwarf;
				ENABLE_STRICT_OBJC_MSGSEND = YES;
				ENABLE_TESTABILITY = YES;
				GCC_C_LANGUAGE_STANDARD = gnu11;
				GCC_DYNAMIC_NO_PIC = NO;
				GCC_NO_COMMON_BLOCKS = YES;
				GCC_OPTIMIZATION_LEVEL = 0;
				GCC_PREPROCESSOR_DEFINITIONS = (
					"DEBUG=1",
					"$(inherited)",
				);
				GCC_WARN_64_TO_32_BIT_CONVERSION = YES;
				GCC_WARN_ABOUT_RETURN_TYPE = YES_ERROR;
				GCC_WARN_UNDECLARED_SELECTOR = YES;
				GCC_WARN_UNINITIALIZED_AUTOS = YES_AGGRESSIVE;
				GCC_WARN_UNUSED_FUNCTION = YES;
				GCC_WARN_UNUSED_VARIABLE = YES;
				IPHONEOS_DEPLOYMENT_TARGET = 13.5;
				MTL_ENABLE_DEBUG_INFO = INCLUDE_SOURCE;
				MTL_FAST_MATH = YES;
				ONLY_ACTIVE_ARCH = YES;
				SDKROOT = iphoneos;
				SWIFT_ACTIVE_COMPILATION_CONDITIONS = DEBUG;
				SWIFT_OPTIMIZATION_LEVEL = "-Onone";
			};
			name = "Debug (Live)";
		};
		CE4ACDC32504BF2600FA9356 /* Debug (Live) */ = {
			isa = XCBuildConfiguration;
			baseConfigurationReference = 25E23BE09BF7D2F0120005D5 /* Pods-Mvvvm-demo.debug (live).xcconfig */;
			buildSettings = {
				ASSETCATALOG_COMPILER_APPICON_NAME = AppIcon;
				CODE_SIGN_STYLE = Automatic;
				DEVELOPMENT_TEAM = 2C86JD592M;
				INFOPLIST_FILE = "Mvvvm-demo/Info.plist";
				LD_RUNPATH_SEARCH_PATHS = (
					"$(inherited)",
					"@executable_path/Frameworks",
				);
				PRODUCT_BUNDLE_IDENTIFIER = "ibtikar.Mvvvm-demo";
				PRODUCT_NAME = "$(TARGET_NAME)";
				SWIFT_VERSION = 5.0;
				TARGETED_DEVICE_FAMILY = "1,2";
			};
			name = "Debug (Live)";
		};
		CE4ACDC42504BF5500FA9356 /* Release (Live) */ = {
			isa = XCBuildConfiguration;
			baseConfigurationReference = CE4ACDC92504C4CD00FA9356 /* Live.xcconfig */;
			buildSettings = {
				ALWAYS_SEARCH_USER_PATHS = NO;
				CLANG_ANALYZER_NONNULL = YES;
				CLANG_ANALYZER_NUMBER_OBJECT_CONVERSION = YES_AGGRESSIVE;
				CLANG_CXX_LANGUAGE_STANDARD = "gnu++14";
				CLANG_CXX_LIBRARY = "libc++";
				CLANG_ENABLE_MODULES = YES;
				CLANG_ENABLE_OBJC_ARC = YES;
				CLANG_ENABLE_OBJC_WEAK = YES;
				CLANG_WARN_BLOCK_CAPTURE_AUTORELEASING = YES;
				CLANG_WARN_BOOL_CONVERSION = YES;
				CLANG_WARN_COMMA = YES;
				CLANG_WARN_CONSTANT_CONVERSION = YES;
				CLANG_WARN_DEPRECATED_OBJC_IMPLEMENTATIONS = YES;
				CLANG_WARN_DIRECT_OBJC_ISA_USAGE = YES_ERROR;
				CLANG_WARN_DOCUMENTATION_COMMENTS = YES;
				CLANG_WARN_EMPTY_BODY = YES;
				CLANG_WARN_ENUM_CONVERSION = YES;
				CLANG_WARN_INFINITE_RECURSION = YES;
				CLANG_WARN_INT_CONVERSION = YES;
				CLANG_WARN_NON_LITERAL_NULL_CONVERSION = YES;
				CLANG_WARN_OBJC_IMPLICIT_RETAIN_SELF = YES;
				CLANG_WARN_OBJC_LITERAL_CONVERSION = YES;
				CLANG_WARN_OBJC_ROOT_CLASS = YES_ERROR;
				CLANG_WARN_RANGE_LOOP_ANALYSIS = YES;
				CLANG_WARN_STRICT_PROTOTYPES = YES;
				CLANG_WARN_SUSPICIOUS_MOVE = YES;
				CLANG_WARN_UNGUARDED_AVAILABILITY = YES_AGGRESSIVE;
				CLANG_WARN_UNREACHABLE_CODE = YES;
				CLANG_WARN__DUPLICATE_METHOD_MATCH = YES;
				COPY_PHASE_STRIP = NO;
				DEBUG_INFORMATION_FORMAT = "dwarf-with-dsym";
				ENABLE_NS_ASSERTIONS = NO;
				ENABLE_STRICT_OBJC_MSGSEND = YES;
				GCC_C_LANGUAGE_STANDARD = gnu11;
				GCC_NO_COMMON_BLOCKS = YES;
				GCC_WARN_64_TO_32_BIT_CONVERSION = YES;
				GCC_WARN_ABOUT_RETURN_TYPE = YES_ERROR;
				GCC_WARN_UNDECLARED_SELECTOR = YES;
				GCC_WARN_UNINITIALIZED_AUTOS = YES_AGGRESSIVE;
				GCC_WARN_UNUSED_FUNCTION = YES;
				GCC_WARN_UNUSED_VARIABLE = YES;
				IPHONEOS_DEPLOYMENT_TARGET = 13.5;
				MTL_ENABLE_DEBUG_INFO = NO;
				MTL_FAST_MATH = YES;
				SDKROOT = iphoneos;
				SWIFT_COMPILATION_MODE = wholemodule;
				SWIFT_OPTIMIZATION_LEVEL = "-O";
				VALIDATE_PRODUCT = YES;
			};
			name = "Release (Live)";
		};
		CE4ACDC52504BF5500FA9356 /* Release (Live) */ = {
			isa = XCBuildConfiguration;
			baseConfigurationReference = 2DA2DD7C2EF8D06ADF07249B /* Pods-Mvvvm-demo.release (live).xcconfig */;
			buildSettings = {
				ASSETCATALOG_COMPILER_APPICON_NAME = AppIcon;
				CODE_SIGN_STYLE = Automatic;
				DEVELOPMENT_TEAM = 2C86JD592M;
				INFOPLIST_FILE = "Mvvvm-demo/Info.plist";
				LD_RUNPATH_SEARCH_PATHS = (
					"$(inherited)",
					"@executable_path/Frameworks",
				);
				PRODUCT_BUNDLE_IDENTIFIER = "ibtikar.Mvvvm-demo";
				PRODUCT_NAME = "$(TARGET_NAME)";
				SWIFT_VERSION = 5.0;
				TARGETED_DEVICE_FAMILY = "1,2";
			};
			name = "Release (Live)";
		};
		CE4ACDC62504BF6400FA9356 /* Release (Stage) */ = {
			isa = XCBuildConfiguration;
			baseConfigurationReference = CE4ACDCA2504C4DC00FA9356 /* Stage.xcconfig */;
			buildSettings = {
				ALWAYS_SEARCH_USER_PATHS = NO;
				CLANG_ANALYZER_NONNULL = YES;
				CLANG_ANALYZER_NUMBER_OBJECT_CONVERSION = YES_AGGRESSIVE;
				CLANG_CXX_LANGUAGE_STANDARD = "gnu++14";
				CLANG_CXX_LIBRARY = "libc++";
				CLANG_ENABLE_MODULES = YES;
				CLANG_ENABLE_OBJC_ARC = YES;
				CLANG_ENABLE_OBJC_WEAK = YES;
				CLANG_WARN_BLOCK_CAPTURE_AUTORELEASING = YES;
				CLANG_WARN_BOOL_CONVERSION = YES;
				CLANG_WARN_COMMA = YES;
				CLANG_WARN_CONSTANT_CONVERSION = YES;
				CLANG_WARN_DEPRECATED_OBJC_IMPLEMENTATIONS = YES;
				CLANG_WARN_DIRECT_OBJC_ISA_USAGE = YES_ERROR;
				CLANG_WARN_DOCUMENTATION_COMMENTS = YES;
				CLANG_WARN_EMPTY_BODY = YES;
				CLANG_WARN_ENUM_CONVERSION = YES;
				CLANG_WARN_INFINITE_RECURSION = YES;
				CLANG_WARN_INT_CONVERSION = YES;
				CLANG_WARN_NON_LITERAL_NULL_CONVERSION = YES;
				CLANG_WARN_OBJC_IMPLICIT_RETAIN_SELF = YES;
				CLANG_WARN_OBJC_LITERAL_CONVERSION = YES;
				CLANG_WARN_OBJC_ROOT_CLASS = YES_ERROR;
				CLANG_WARN_RANGE_LOOP_ANALYSIS = YES;
				CLANG_WARN_STRICT_PROTOTYPES = YES;
				CLANG_WARN_SUSPICIOUS_MOVE = YES;
				CLANG_WARN_UNGUARDED_AVAILABILITY = YES_AGGRESSIVE;
				CLANG_WARN_UNREACHABLE_CODE = YES;
				CLANG_WARN__DUPLICATE_METHOD_MATCH = YES;
				COPY_PHASE_STRIP = NO;
				DEBUG_INFORMATION_FORMAT = "dwarf-with-dsym";
				ENABLE_NS_ASSERTIONS = NO;
				ENABLE_STRICT_OBJC_MSGSEND = YES;
				GCC_C_LANGUAGE_STANDARD = gnu11;
				GCC_NO_COMMON_BLOCKS = YES;
				GCC_WARN_64_TO_32_BIT_CONVERSION = YES;
				GCC_WARN_ABOUT_RETURN_TYPE = YES_ERROR;
				GCC_WARN_UNDECLARED_SELECTOR = YES;
				GCC_WARN_UNINITIALIZED_AUTOS = YES_AGGRESSIVE;
				GCC_WARN_UNUSED_FUNCTION = YES;
				GCC_WARN_UNUSED_VARIABLE = YES;
				IPHONEOS_DEPLOYMENT_TARGET = 13.5;
				MTL_ENABLE_DEBUG_INFO = NO;
				MTL_FAST_MATH = YES;
				SDKROOT = iphoneos;
				SWIFT_COMPILATION_MODE = wholemodule;
				SWIFT_OPTIMIZATION_LEVEL = "-O";
				VALIDATE_PRODUCT = YES;
			};
			name = "Release (Stage)";
		};
		CE4ACDC72504BF6400FA9356 /* Release (Stage) */ = {
			isa = XCBuildConfiguration;
			baseConfigurationReference = 3F525638233CFDC2EDD2AD67 /* Pods-Mvvvm-demo.release (stage).xcconfig */;
			buildSettings = {
				ASSETCATALOG_COMPILER_APPICON_NAME = AppIcon;
				CODE_SIGN_STYLE = Automatic;
				DEVELOPMENT_TEAM = 2C86JD592M;
				INFOPLIST_FILE = "Mvvvm-demo/Info.plist";
				LD_RUNPATH_SEARCH_PATHS = (
					"$(inherited)",
					"@executable_path/Frameworks",
				);
				PRODUCT_BUNDLE_IDENTIFIER = "ibtikar.Mvvvm-demo";
				PRODUCT_NAME = "$(TARGET_NAME)";
				SWIFT_VERSION = 5.0;
				TARGETED_DEVICE_FAMILY = "1,2";
			};
			name = "Release (Stage)";
		};
/* End XCBuildConfiguration section */

/* Begin XCConfigurationList section */
		CE1F2E242503EF660029F7AC /* Build configuration list for PBXProject "Mvvvm-demo" */ = {
			isa = XCConfigurationList;
			buildConfigurations = (
				CE1F2E3B2503EF680029F7AC /* Debug */,
				CE4ACDC22504BF2600FA9356 /* Debug (Live) */,
				CE4ACDC02504BF2100FA9356 /* Debug (Stage) */,
				CE1F2E3C2503EF680029F7AC /* Release */,
				CE4ACDC62504BF6400FA9356 /* Release (Stage) */,
				CE4ACDC42504BF5500FA9356 /* Release (Live) */,
			);
			defaultConfigurationIsVisible = 0;
			defaultConfigurationName = Release;
		};
		CE1F2E3D2503EF680029F7AC /* Build configuration list for PBXNativeTarget "Mvvvm-demo" */ = {
			isa = XCConfigurationList;
			buildConfigurations = (
				CE1F2E3E2503EF680029F7AC /* Debug */,
				CE4ACDC32504BF2600FA9356 /* Debug (Live) */,
				CE4ACDC12504BF2100FA9356 /* Debug (Stage) */,
				CE1F2E3F2503EF680029F7AC /* Release */,
				CE4ACDC72504BF6400FA9356 /* Release (Stage) */,
				CE4ACDC52504BF5500FA9356 /* Release (Live) */,
			);
			defaultConfigurationIsVisible = 0;
			defaultConfigurationName = Release;
		};
/* End XCConfigurationList section */
	};
	rootObject = CE1F2E212503EF660029F7AC /* Project object */;
}
